{
    "_readme": [
        "This file locks the dependencies of your project to a known state",
        "Read more about it at https://getcomposer.org/doc/01-basic-usage.md#composer-lock-the-lock-file",
        "This file is @generated automatically"
    ],
    "hash": "aadcd8515eb81be789ac85eb378417fd",
    "content-hash": "92fdf640c2215186a75ca4c98c28bd56",
    "packages": [
        {
            "name": "crodas/file-util",
            "version": "v0.1.19",
            "source": {
                "type": "git",
                "url": "https://github.com/crodas/FileUtils.git",
                "reference": "57195fbfea90200361b7b04023687154a7c5dcd7"
            },
            "dist": {
                "type": "zip",
                "url": "https://api.github.com/repos/crodas/FileUtils/zipball/57195fbfea90200361b7b04023687154a7c5dcd7",
                "reference": "57195fbfea90200361b7b04023687154a7c5dcd7",
                "shasum": ""
            },
            "type": "library",
            "autoload": {
                "psr-0": {
                    "crodas": "lib/"
                }
            },
            "notification-url": "https://packagist.org/downloads/",
            "license": [
                "BSD-4-Clause"
            ],
            "authors": [
                {
                    "name": "César D. Rodas",
                    "email": "crodas@php.net"
                }
            ],
            "description": "Useful libraries to manipulate files",
            "time": "2015-07-31 06:29:10"
        }
    ],
    "packages-dev": [
        {
            "name": "crodas/class-info",
            "version": "v0.2.0",
            "source": {
                "type": "git",
                "url": "https://github.com/crodas/ClassInfo.git",
                "reference": "141f9680d99f93152a28b4d29ecdc669e0da708f"
            },
            "dist": {
                "type": "zip",
                "url": "https://api.github.com/repos/crodas/ClassInfo/zipball/141f9680d99f93152a28b4d29ecdc669e0da708f",
                "reference": "141f9680d99f93152a28b4d29ecdc669e0da708f",
                "shasum": ""
            },
            "require": {
                "nikic/php-parser": "^2.0 | ^1.0"
            },
            "type": "library",
            "autoload": {
                "psr-0": {
                    "crodas": "lib/"
                }
            },
            "notification-url": "https://packagist.org/downloads/",
            "license": [
                "BSD-4-Clause"
            ],
            "authors": [
                {
                    "name": "César D. Rodas",
                    "email": "crodas@php.net"
                }
            ],
            "description": "Get classes and functions defined in a given file",
            "time": "2015-12-29 12:15:23"
        },
        {
            "name": "crodas/notoj",
            "version": "v1.2.1",
            "source": {
                "type": "git",
                "url": "https://github.com/crodas/Notoj.git",
                "reference": "90724e200e081d87ab9b8c04b6885ab0ff9dce9f"
            },
            "dist": {
                "type": "zip",
                "url": "https://api.github.com/repos/crodas/Notoj/zipball/90724e200e081d87ab9b8c04b6885ab0ff9dce9f",
                "reference": "90724e200e081d87ab9b8c04b6885ab0ff9dce9f",
                "shasum": ""
            },
            "require": {
                "crodas/class-info": "^0.2",
                "crodas/file-util": "^0.1.18",
                "php": ">=5.3.0"
            },
            "type": "library",
            "autoload": {
                "psr-0": {
                    "Notoj": "lib/"
                }
            },
            "notification-url": "https://packagist.org/downloads/",
            "license": [
                "BSD-4-Clause"
            ],
            "authors": [
                {
                    "name": "César D. Rodas",
                    "email": "crodas@php.net"
                }
            ],
            "description": "Annotation parser. Uses reflection and provides cache out of the box.",
            "time": "2015-12-29 13:29:19"
        },
        {
            "name": "crodas/service-provider",
            "version": "v0.1.32",
            "source": {
                "type": "git",
                "url": "https://github.com/crodas/ServiceProvider.git",
                "reference": "2d2a0e088da8e22eb52a204d5d61173e958ae912"
            },
            "dist": {
                "type": "zip",
                "url": "https://api.github.com/repos/crodas/ServiceProvider/zipball/2d2a0e088da8e22eb52a204d5d61173e958ae912",
                "reference": "2d2a0e088da8e22eb52a204d5d61173e958ae912",
                "shasum": ""
            },
            "require": {
                "crodas/file-util": "~0.1",
                "crodas/notoj": "^1.0",
                "crodas/simple-view-engine": "~0.1",
                "crodas/watch-files": "~0.1",
                "seld/jsonlint": "*",
                "symfony/yaml": "~2.6"
            },
            "type": "library",
            "autoload": {
                "psr-0": {
                    "ServiceProvider": "lib/"
                }
            },
            "notification-url": "https://packagist.org/downloads/",
            "license": [
                "BSD-4-Clause"
            ],
            "authors": [
                {
                    "name": "César D. Rodas",
                    "email": "crodas@php.net"
                }
            ],
            "description": "Little configuration manager and dependency injection",
            "time": "2015-12-21 23:23:25"
        },
        {
            "name": "crodas/simple-view-engine",
            "version": "v0.1.37",
            "source": {
                "type": "git",
                "url": "https://github.com/crodas/SimpleView.git",
                "reference": "5fc97024744d37bfdb82c890878c8b2a07cf017f"
            },
            "dist": {
                "type": "zip",
                "url": "https://api.github.com/repos/crodas/SimpleView/zipball/5fc97024744d37bfdb82c890878c8b2a07cf017f",
                "reference": "5fc97024744d37bfdb82c890878c8b2a07cf017f",
                "shasum": ""
            },
            "require": {
                "crodas/service-provider": "~0.1",
                "crodas/watch-files": "*",
                "symfony/console": "*",
                "symfony/finder": "*"
            },
            "suggest": {
                "crodas/asset": "To use assets with the view"
            },
            "type": "library",
            "autoload": {
                "classmap": [
                    "lib/"
                ]
            },
            "notification-url": "https://packagist.org/downloads/",
            "license": [
                "BSD-4-Clause"
            ],
            "authors": [
                {
                    "name": "César D. Rodas",
                    "email": "crodas@php.net"
                }
            ],
            "description": "Simple View engine designed to generate code. Based on Laravel's 4 Blade.",
            "time": "2015-03-09 01:38:36"
        },
        {
            "name": "nikic/php-parser",
            "version": "v2.0.0",
            "source": {
                "type": "git",
                "url": "https://github.com/nikic/PHP-Parser.git",
                "reference": "c542e5d86a9775abd1021618eb2430278bfc1e01"
            },
            "dist": {
                "type": "zip",
                "url": "https://api.github.com/repos/nikic/PHP-Parser/zipball/c542e5d86a9775abd1021618eb2430278bfc1e01",
                "reference": "c542e5d86a9775abd1021618eb2430278bfc1e01",
                "shasum": ""
            },
            "require": {
                "ext-tokenizer": "*",
                "php": ">=5.4"
            },
            "require-dev": {
                "phpunit/phpunit": "~4.0"
            },
            "bin": [
                "bin/php-parse"
            ],
            "type": "library",
            "extra": {
                "branch-alias": {
                    "dev-master": "2.0-dev"
                }
            },
            "autoload": {
                "psr-4": {
                    "PhpParser\\": "lib/PhpParser"
                }
            },
            "notification-url": "https://packagist.org/downloads/",
            "license": [
                "BSD-3-Clause"
            ],
            "authors": [
                {
                    "name": "Nikita Popov"
                }
            ],
            "description": "A PHP parser written in PHP",
            "keywords": [
                "parser",
                "php"
            ],
            "time": "2015-12-04 15:28:43"
        },
        {
            "name": "seld/jsonlint",
            "version": "1.4.0",
            "source": {
                "type": "git",
                "url": "https://github.com/Seldaek/jsonlint.git",
                "reference": "66834d3e3566bb5798db7294619388786ae99394"
            },
            "dist": {
                "type": "zip",
                "url": "https://api.github.com/repos/Seldaek/jsonlint/zipball/66834d3e3566bb5798db7294619388786ae99394",
                "reference": "66834d3e3566bb5798db7294619388786ae99394",
                "shasum": ""
            },
            "require": {
                "php": "^5.3 || ^7.0"
            },
            "bin": [
                "bin/jsonlint"
            ],
            "type": "library",
            "autoload": {
                "psr-4": {
                    "Seld\\JsonLint\\": "src/Seld/JsonLint/"
                }
            },
            "notification-url": "https://packagist.org/downloads/",
            "license": [
                "MIT"
            ],
            "authors": [
                {
                    "name": "Jordi Boggiano",
                    "email": "j.boggiano@seld.be",
                    "homepage": "http://seld.be"
                }
            ],
            "description": "JSON Linter",
            "keywords": [
                "json",
                "linter",
                "parser",
                "validator"
            ],
            "time": "2015-11-21 02:21:41"
        },
        {
            "name": "symfony/console",
            "version": "v3.0.1",
            "source": {
                "type": "git",
                "url": "https://github.com/symfony/console.git",
                "reference": "ebcdc507829df915f4ca23067bd59ee4ef61f6c3"
            },
            "dist": {
                "type": "zip",
                "url": "https://api.github.com/repos/symfony/console/zipball/ebcdc507829df915f4ca23067bd59ee4ef61f6c3",
                "reference": "ebcdc507829df915f4ca23067bd59ee4ef61f6c3",
                "shasum": ""
            },
            "require": {
                "php": ">=5.5.9",
                "symfony/polyfill-mbstring": "~1.0"
            },
            "require-dev": {
                "psr/log": "~1.0",
                "symfony/event-dispatcher": "~2.8|~3.0",
                "symfony/process": "~2.8|~3.0"
            },
            "suggest": {
                "psr/log": "For using the console logger",
                "symfony/event-dispatcher": "",
                "symfony/process": ""
            },
            "type": "library",
            "extra": {
                "branch-alias": {
                    "dev-master": "3.0-dev"
                }
            },
            "autoload": {
                "psr-4": {
                    "Symfony\\Component\\Console\\": ""
                },
                "exclude-from-classmap": [
                    "/Tests/"
                ]
            },
            "notification-url": "https://packagist.org/downloads/",
            "license": [
                "MIT"
            ],
            "authors": [
                {
                    "name": "Fabien Potencier",
                    "email": "fabien@symfony.com"
                },
                {
                    "name": "Symfony Community",
                    "homepage": "https://symfony.com/contributors"
                }
            ],
            "description": "Symfony Console Component",
            "homepage": "https://symfony.com",
            "time": "2015-12-22 10:39:06"
        },
        {
            "name": "symfony/finder",
            "version": "v3.0.1",
            "source": {
                "type": "git",
                "url": "https://github.com/symfony/finder.git",
                "reference": "8617895eb798b6bdb338321ce19453dc113e5675"
            },
            "dist": {
                "type": "zip",
                "url": "https://api.github.com/repos/symfony/finder/zipball/8617895eb798b6bdb338321ce19453dc113e5675",
                "reference": "8617895eb798b6bdb338321ce19453dc113e5675",
                "shasum": ""
            },
            "require": {
                "php": ">=5.5.9"
            },
            "type": "library",
            "extra": {
                "branch-alias": {
                    "dev-master": "3.0-dev"
                }
            },
            "autoload": {
                "psr-4": {
                    "Symfony\\Component\\Finder\\": ""
                },
                "exclude-from-classmap": [
                    "/Tests/"
                ]
            },
            "notification-url": "https://packagist.org/downloads/",
            "license": [
                "MIT"
            ],
            "authors": [
                {
                    "name": "Fabien Potencier",
                    "email": "fabien@symfony.com"
                },
                {
                    "name": "Symfony Community",
                    "homepage": "https://symfony.com/contributors"
                }
            ],
            "description": "Symfony Finder Component",
            "homepage": "https://symfony.com",
            "time": "2015-12-05 11:13:14"
        },
        {
            "name": "symfony/polyfill-mbstring",
            "version": "v1.0.1",
            "source": {
                "type": "git",
                "url": "https://github.com/symfony/polyfill-mbstring.git",
                "reference": "49ff736bd5d41f45240cec77b44967d76e0c3d25"
            },
            "dist": {
                "type": "zip",
                "url": "https://api.github.com/repos/symfony/polyfill-mbstring/zipball/49ff736bd5d41f45240cec77b44967d76e0c3d25",
                "reference": "49ff736bd5d41f45240cec77b44967d76e0c3d25",
                "shasum": ""
            },
            "require": {
                "php": ">=5.3.3"
            },
            "suggest": {
                "ext-mbstring": "For best performance"
            },
            "type": "library",
            "extra": {
                "branch-alias": {
                    "dev-master": "1.0-dev"
                }
            },
            "autoload": {
                "psr-4": {
                    "Symfony\\Polyfill\\Mbstring\\": ""
                },
                "files": [
                    "bootstrap.php"
                ]
            },
            "notification-url": "https://packagist.org/downloads/",
            "license": [
                "MIT"
            ],
            "authors": [
                {
                    "name": "Nicolas Grekas",
                    "email": "p@tchwork.com"
                },
                {
                    "name": "Symfony Community",
                    "homepage": "https://symfony.com/contributors"
                }
            ],
            "description": "Symfony polyfill for the Mbstring extension",
            "homepage": "https://symfony.com",
            "keywords": [
                "compatibility",
                "mbstring",
                "polyfill",
                "portable",
                "shim"
            ],
            "time": "2015-11-20 09:19:13"
        },
        {
            "name": "symfony/yaml",
            "version": "v2.8.1",
            "source": {
                "type": "git",
                "url": "https://github.com/symfony/yaml.git",
                "reference": "ac84cbb98b68a6abbc9f5149eb96ccc7b07b8966"
            },
            "dist": {
                "type": "zip",
                "url": "https://api.github.com/repos/symfony/yaml/zipball/ac84cbb98b68a6abbc9f5149eb96ccc7b07b8966",
                "reference": "ac84cbb98b68a6abbc9f5149eb96ccc7b07b8966",
                "shasum": ""
            },
            "require": {
                "php": ">=5.3.9"
            },
            "type": "library",
            "extra": {
                "branch-alias": {
                    "dev-master": "2.8-dev"
                }
            },
            "autoload": {
                "psr-4": {
                    "Symfony\\Component\\Yaml\\": ""
                },
                "exclude-from-classmap": [
                    "/Tests/"
                ]
            },
            "notification-url": "https://packagist.org/downloads/",
            "license": [
                "MIT"
            ],
            "authors": [
                {
                    "name": "Fabien Potencier",
                    "email": "fabien@symfony.com"
                },
                {
                    "name": "Symfony Community",
                    "homepage": "https://symfony.com/contributors"
                }
            ],
            "description": "Symfony Yaml Component",
            "homepage": "https://symfony.com",
            "time": "2015-12-26 13:37:56"
        }
    ],
    "aliases": [],
    "minimum-stability": "stable",
    "stability-flags": [],
    "prefer-stable": false,
    "prefer-lowest": false,
    "platform": [],
    "platform-dev": []
}
